// !$*UTF8*$!
{
	archiveVersion = 1;
	classes = {
	};
	objectVersion = 56;
	objects = {

/* Begin PBXBuildFile section */
		F9B02000AA114400BBBB0003 /* AppInstallationIdentity.swift in Sources */ = {isa = PBXBuildFile; fileRef = F9A02000AA114400BBBB0003 /* AppInstallationIdentity.swift */; };
		F9B02000AA114400BBBB0004 /* AppInstallationIdentity.swift in Sources */ = {isa = PBXBuildFile; fileRef = F9A02000AA114400BBBB0003 /* AppInstallationIdentity.swift */; };
		F9B02000AA114400BBBB0002 /* BackupSettingsView.swift in Sources */ = {isa = PBXBuildFile; fileRef = F9A02000AA114400BBBB0002 /* BackupSettingsView.swift */; };
		F9B02000AA114400BBBB0001 /* AppBackup.swift in Sources */ = {isa = PBXBuildFile; fileRef = F9A02000AA114400BBBB0001 /* AppBackup.swift */; };
		F6A914C93D414ADCB7149FA1 /* DailyPushPlanner.swift in Sources */ = {isa = PBXBuildFile; fileRef = F6A914C93D414ADCB7149FA2 /* DailyPushPlanner.swift */; };
		00CA77B950EB4388B0F860BA /* ChatViewModel.swift in Sources */ = {isa = PBXBuildFile; fileRef = DCE9364011674E7BB4B60FE3 /* ChatViewModel.swift */; };
		06074522E9904523BA64DCD5 /* CourseScheduleViewModel.swift in Sources */ = {isa = PBXBuildFile; fileRef = FBF443555EF04EC196AA9574 /* CourseScheduleViewModel.swift */; };
		1F79DD0317764F6781EE655D /* PersonaEngine.swift in Sources */ = {isa = PBXBuildFile; fileRef = 089EE8855582444898BCEE7C /* PersonaEngine.swift */; };
		D5B01100D0014D88A1230003 /* EditorialCopy.swift in Sources */ = {isa = PBXBuildFile; fileRef = D5A01100D0014D88A1230003 /* EditorialCopy.swift */; };
		D5B01100D0014D88A1230004 /* EditorialContent.json in Resources */ = {isa = PBXBuildFile; fileRef = D5A01100D0014D88A1230004 /* EditorialContent.json */; };
		2D7BCB28A64B49418E0B8B73 /* MainView.swift in Sources */ = {isa = PBXBuildFile; fileRef = F2ECF536EAE444FFBC13804E /* MainView.swift */; };
		335B1A15091D4A3EA0999B0E /* CourseItem.swift in Sources */ = {isa = PBXBuildFile; fileRef = 28DAD27A7891468F9B85B703 /* CourseItem.swift */; };
		3F28AC8AF00B452DA5462CD0 /* Assets.xcassets in Resources */ = {isa = PBXBuildFile; fileRef = BCA5D11ED32546FA9D904316 /* Assets.xcassets */; };
		D5B01100D0014D88A1230001 /* Localizable.xcstrings in Resources */ = {isa = PBXBuildFile; fileRef = D5A01100D0014D88A1230001 /* Localizable.xcstrings */; };
		D5B01100D0014D88A1230002 /* Localizable.xcstrings in Resources */ = {isa = PBXBuildFile; fileRef = D5A01100D0014D88A1230002 /* Localizable.xcstrings */; };
		41FBE959F808408D94D1E849 /* SettingsViewModel.swift in Sources */ = {isa = PBXBuildFile; fileRef = 420FE9B7DD3C4520832FF6AA /* SettingsViewModel.swift */; };
		47E9582401674B2B947A7967 /* QianYuApp.swift in Sources */ = {isa = PBXBuildFile; fileRef = F9D8A37183A74B719C5904BC /* QianYuApp.swift */; };
		4DBE29BE196D4250AC810B12 /* CourseCardView.swift in Sources */ = {isa = PBXBuildFile; fileRef = C640C2E5FB6348BBB35E38A1 /* CourseCardView.swift */; };
		54D6E261E1C0403991890A0D /* NextClassBannerView.swift in Sources */ = {isa = PBXBuildFile; fileRef = 949DCFB620E44DE3923FB953 /* NextClassBannerView.swift */; };
		6DEDB85E5F924662A6B45892 /* NotificationManager.swift in Sources */ = {isa = PBXBuildFile; fileRef = 11593F6DCCBF4F779A00EED9 /* NotificationManager.swift */; };
		7FF12AD661F54A0E960CE65E /* ImportCoursesPreviewSheet.swift in Sources */ = {isa = PBXBuildFile; fileRef = 876EAA338CF44ABB8DE34B5F /* ImportCoursesPreviewSheet.swift */; };
		800D9F52529544369409160C /* ChatMessage.swift in Sources */ = {isa = PBXBuildFile; fileRef = C69800022F984BC39B14A87D /* ChatMessage.swift */; };
		8194FB8B66224AD19D9A2F8B /* AppSettings.swift in Sources */ = {isa = PBXBuildFile; fileRef = 10A47FCE42194EBA8432A37D /* AppSettings.swift */; };
		82019A74B7F246C79159FB1E /* QianYuDialogueCorpus.swift in Sources */ = {isa = PBXBuildFile; fileRef = 2AA818FC8727463DB50DED01 /* QianYuDialogueCorpus.swift */; };
		918CFD7272C24C8E9296C81F /* CourseReminderService.swift in Sources */ = {isa = PBXBuildFile; fileRef = 7B1F18C209624FC2886E9AE2 /* CourseReminderService.swift */; };
		9B3EEA9852CB4F2D92AAD469 /* ChatView.swift in Sources */ = {isa = PBXBuildFile; fileRef = 413EE747DBB9454BA8321B5A /* ChatView.swift */; };
		A6A36A4D9AE14BE4B2E507EA /* MessageBubbleView.swift in Sources */ = {isa = PBXBuildFile; fileRef = 97F7BC3BE369489EA2563FCD /* MessageBubbleView.swift */; };
		ABF38EA924C64C2C9B71C7B8 /* DailyPushSettingsView.swift in Sources */ = {isa = PBXBuildFile; fileRef = BCC99E1A20084A6D827AC44C /* DailyPushSettingsView.swift */; };
		B77100E245EB4C16BB10A4D0 /* ICSParserService.swift in Sources */ = {isa = PBXBuildFile; fileRef = E4769137462B46C6A4C89DDA /* ICSParserService.swift */; };
		B8796BA22A2B490194DCC81C /* AddCourseSheet.swift in Sources */ = {isa = PBXBuildFile; fileRef = 568C531E37E246DFA618FD7E /* AddCourseSheet.swift */; };
		C1B01100D0014D88A1230001 /* CalendarSyncService.swift in Sources */ = {isa = PBXBuildFile; fileRef = C1A01100D0014D88A1230001 /* CalendarSyncService.swift */; };
		C2B01100D0014D88A1230001 /* PomodoroTimerViewModel.swift in Sources */ = {isa = PBXBuildFile; fileRef = C2A01100D0014D88A1230001 /* PomodoroTimerViewModel.swift */; };
		C2B01100D0014D88A1230002 /* PomodoroActivityAttributes.swift in Sources */ = {isa = PBXBuildFile; fileRef = C2A01100D0014D88A1230002 /* PomodoroActivityAttributes.swift */; };
		C2B01100D0014D88A1230003 /* LiveActivityManager.swift in Sources */ = {isa = PBXBuildFile; fileRef = C2A01100D0014D88A1230003 /* LiveActivityManager.swift */; };
		C2B01100D0014D88A1230004 /* Focus/PomodoroTimerView.swift in Sources */ = {isa = PBXBuildFile; fileRef = C2A01100D0014D88A1230004 /* Focus/PomodoroTimerView.swift */; };
		C2B01100D0014D88A1230005 /* QianYuDynamicIslandView.swift in Sources */ = {isa = PBXBuildFile; fileRef = C2A01100D0014D88A1230005 /* QianYuDynamicIslandView.swift */; };
		C2B01100D0014D88A1230006 /* QianYuCourseWidget.swift in Sources */ = {isa = PBXBuildFile; fileRef = C2A01100D0014D88A1230006 /* QianYuCourseWidget.swift */; };
		C3B01100D0014D88A1230001 /* WidgetPreviewSettingView.swift in Sources */ = {isa = PBXBuildFile; fileRef = C3A01100D0014D88A1230001 /* WidgetPreviewSettingView.swift */; };
		C47208BAC5014A78BDD0B8B2 /* CourseScheduleView.swift in Sources */ = {isa = PBXBuildFile; fileRef = C1EC5F6FC6974023A8EE504C /* CourseScheduleView.swift */; };
		C4B01100D0014D88A1230001 /* QianYuWidgetBundle.swift in Sources */ = {isa = PBXBuildFile; fileRef = C4A01100D0014D88A1230001 /* QianYuWidgetBundle.swift */; };
		C4B01100D0014D88A1230002 /* QianYuCourseWidget.swift in Sources */ = {isa = PBXBuildFile; fileRef = C2A01100D0014D88A1230006 /* QianYuCourseWidget.swift */; };
		C4B01100D0014D88A1230003 /* QianYuDynamicIslandView.swift in Sources */ = {isa = PBXBuildFile; fileRef = C2A01100D0014D88A1230005 /* QianYuDynamicIslandView.swift */; };
		C4B01100D0014D88A1230004 /* PomodoroActivityAttributes.swift in Sources */ = {isa = PBXBuildFile; fileRef = C2A01100D0014D88A1230002 /* PomodoroActivityAttributes.swift */; };
		C4B01100D0014D88A1230006 /* Assets.xcassets in Resources */ = {isa = PBXBuildFile; fileRef = BCA5D11ED32546FA9D904316 /* Assets.xcassets */; };
		C4B01100D0014D88A1230007 /* QianYuWidgets.appex in Embed Foundation Extensions */ = {isa = PBXBuildFile; fileRef = C4A01100D0014D88A1230007 /* QianYuWidgets.appex */; settings = {ATTRIBUTES = (RemoveHeadersOnCopy, ); }; };
		C9D1AE87264047728ECCBA0B /* CompanionHeaderView.swift in Sources */ = {isa = PBXBuildFile; fileRef = BD819A95D37340DABC878899 /* CompanionHeaderView.swift */; };
		DE57B8C201AA49D2A12153BC /* QuickActionChipsView.swift in Sources */ = {isa = PBXBuildFile; fileRef = 004FCB660B9449889CB0C13F /* QuickActionChipsView.swift */; };
		E869EAA2A7A3444584103183 /* SettingsView.swift in Sources */ = {isa = PBXBuildFile; fileRef = CDC6F13D95154CA9A0713B63 /* SettingsView.swift */; };
		E91A1DB8BA514FF0A43DBE8F /* PersonaDocView.swift in Sources */ = {isa = PBXBuildFile; fileRef = 3B6CE63FC40B46EFABB09718 /* PersonaDocView.swift */; };
		EE01C925131D4530847E7CFA /* LLMService.swift in Sources */ = {isa = PBXBuildFile; fileRef = A667035134A1432796AB99B7 /* LLMService.swift */; };
		FED540FDE5B44AA7ACCBCDF1 /* MenuBarCompanionView.swift in Sources */ = {isa = PBXBuildFile; fileRef = AF31D93F8A8B4DBC85B32BF9 /* MenuBarCompanionView.swift */; };
		D6B01100D0014D88A1230001 /* CourseManagementView.swift in Sources */ = {isa = PBXBuildFile; fileRef = D6A01100D0014D88A1230001 /* CourseManagementView.swift */; };
		D6A120000000000000000001 /* SleepNotificationIntents.swift in Sources */ = {isa = PBXBuildFile; fileRef = D6A110000000000000000001 /* SleepNotificationIntents.swift */; };
		D6A320000000000000000000 /* DailyPushContent.swift in Sources */ = {isa = PBXBuildFile; fileRef = D6A310000000000000000000 /* DailyPushContent.swift */; };
		D6A320000000000000000001 /* DailyPushContentService.swift in Sources */ = {isa = PBXBuildFile; fileRef = D6A310000000000000000001 /* DailyPushContentService.swift */; };
		D6A320000000000000000002 /* DailyWeatherService.swift in Sources */ = {isa = PBXBuildFile; fileRef = D6A310000000000000000002 /* DailyWeatherService.swift */; };
		8AF7171491EB4FFF92D83ECA /* CourseTimeRules.swift in Sources */ = {isa = PBXBuildFile; fileRef = F6B1682E7BE34276B0C6C23B /* CourseTimeRules.swift */; };
		5810A4E7A191458EBCCDDB23 /* CourseTimeRules.swift in Sources */ = {isa = PBXBuildFile; fileRef = F6B1682E7BE34276B0C6C23B /* CourseTimeRules.swift */; };
		0557A7A675B0441C97B149B5 /* NotificationScheduler.swift in Sources */ = {isa = PBXBuildFile; fileRef = 2A39C322EB704277A472043D /* NotificationScheduler.swift */; };
		BE5780E3CC444B93880EA140 /* ICSImportModels.swift in Sources */ = {isa = PBXBuildFile; fileRef = BC3AE6BC706E480C96260F81 /* ICSImportModels.swift */; };
		A9D2634502F94C06BBE3CDB7 /* ICSFileDecoder.swift in Sources */ = {isa = PBXBuildFile; fileRef = 54AC50991B7047B4B8E11368 /* ICSFileDecoder.swift */; };
		F84A154D2F9740E6BCE10975 /* ICSRecurrenceParser.swift in Sources */ = {isa = PBXBuildFile; fileRef = C4862A23F1E840C1B00BE492 /* ICSRecurrenceParser.swift */; };
		8C3E78C57460455C92A757A1 /* ICSSemesterDetector.swift in Sources */ = {isa = PBXBuildFile; fileRef = C03B99EDA4424178AD48D8F9 /* ICSSemesterDetector.swift */; };
		A79539E3F0E04F2489D41220 /* ICSCourseConverter.swift in Sources */ = {isa = PBXBuildFile; fileRef = 588F1A29815A437994E21577 /* ICSCourseConverter.swift */; };
/* End PBXBuildFile section */

/* Begin PBXContainerItemProxy section */
		C4C01100D0014D88A1230001 /* PBXContainerItemProxy */ = {
			isa = PBXContainerItemProxy;
			containerPortal = 6F9C6C2A2BC64B4BAABA3E82 /* Project object */;
			proxyType = 1;
			remoteGlobalIDString = C4T01100D0014D88A1230001;
			remoteInfo = QianYuWidgets;
		};
/* End PBXContainerItemProxy section */

/* Begin PBXCopyFilesBuildPhase section */
		C4P01100D0014D88A1230001 /* Embed Foundation Extensions */ = {
			isa = PBXCopyFilesBuildPhase;
			buildActionMask = 2147483647;
			dstPath = "";
			dstSubfolderSpec = 13;
			files = (
				C4B01100D0014D88A1230007 /* QianYuWidgets.appex in Embed Foundation Extensions */,
			);
			name = "Embed Foundation Extensions";
			runOnlyForDeploymentPostprocessing = 0;
		};
/* End PBXCopyFilesBuildPhase section */

/* Begin PBXFileReference section */
		F9A02000AA114400BBBB0003 /* AppInstallationIdentity.swift */ = {isa = PBXFileReference; lastKnownFileType = sourcecode.swift; path = AppInstallationIdentity.swift; sourceTree = "<group>"; };
		F9A02000AA114400BBBB0002 /* BackupSettingsView.swift */ = {isa = PBXFileReference; lastKnownFileType = sourcecode.swift; path = BackupSettingsView.swift; sourceTree = "<group>"; };
		F9A02000AA114400BBBB0001 /* AppBackup.swift */ = {isa = PBXFileReference; lastKnownFileType = sourcecode.swift; path = AppBackup.swift; sourceTree = "<group>"; };
		F6A914C93D414ADCB7149FA2 /* DailyPushPlanner.swift */ = {isa = PBXFileReference; lastKnownFileType = sourcecode.swift; path = DailyPushPlanner.swift; sourceTree = "<group>"; };
		004FCB660B9449889CB0C13F /* QuickActionChipsView.swift */ = {isa = PBXFileReference; lastKnownFileType = sourcecode.swift; path = QuickActionChipsView.swift; sourceTree = "<group>"; };
		089EE8855582444898BCEE7C /* PersonaEngine.swift */ = {isa = PBXFileReference; lastKnownFileType = sourcecode.swift; path = PersonaEngine.swift; sourceTree = "<group>"; };
		10A47FCE42194EBA8432A37D /* AppSettings.swift */ = {isa = PBXFileReference; lastKnownFileType = sourcecode.swift; path = AppSettings.swift; sourceTree = "<group>"; };
		11593F6DCCBF4F779A00EED9 /* NotificationManager.swift */ = {isa = PBXFileReference; lastKnownFileType = sourcecode.swift; path = NotificationManager.swift; sourceTree = "<group>"; };
		28DAD27A7891468F9B85B703 /* CourseItem.swift */ = {isa = PBXFileReference; lastKnownFileType = sourcecode.swift; path = CourseItem.swift; sourceTree = "<group>"; };
		2AA818FC8727463DB50DED01 /* QianYuDialogueCorpus.swift */ = {isa = PBXFileReference; lastKnownFileType = sourcecode.swift; path = QianYuDialogueCorpus.swift; sourceTree = "<group>"; };
		3B6CE63FC40B46EFABB09718 /* PersonaDocView.swift */ = {isa = PBXFileReference; lastKnownFileType = sourcecode.swift; path = PersonaDocView.swift; sourceTree = "<group>"; };
		413EE747DBB9454BA8321B5A /* ChatView.swift */ = {isa = PBXFileReference; lastKnownFileType = sourcecode.swift; path = ChatView.swift; sourceTree = "<group>"; };
		420FE9B7DD3C4520832FF6AA /* SettingsViewModel.swift */ = {isa = PBXFileReference; lastKnownFileType = sourcecode.swift; path = SettingsViewModel.swift; sourceTree = "<group>"; };
		5103F1DE65594684BC8649D6 /* Info.plist */ = {isa = PBXFileReference; lastKnownFileType = text.plist.xml; path = Info.plist; sourceTree = "<group>"; };
		54847C9A445B4FAE8A2039F1 /* QIAN YU.app */ = {isa = PBXFileReference; explicitFileType = wrapper.application; includeInIndex = 0; path = "QIAN YU.app"; sourceTree = BUILT_PRODUCTS_DIR; };
		568C531E37E246DFA618FD7E /* AddCourseSheet.swift */ = {isa = PBXFileReference; lastKnownFileType = sourcecode.swift; path = AddCourseSheet.swift; sourceTree = "<group>"; };
		7B1F18C209624FC2886E9AE2 /* CourseReminderService.swift */ = {isa = PBXFileReference; lastKnownFileType = sourcecode.swift; path = CourseReminderService.swift; sourceTree = "<group>"; };
		876EAA338CF44ABB8DE34B5F /* ImportCoursesPreviewSheet.swift */ = {isa = PBXFileReference; lastKnownFileType = sourcecode.swift; path = ImportCoursesPreviewSheet.swift; sourceTree = "<group>"; };
		949DCFB620E44DE3923FB953 /* NextClassBannerView.swift */ = {isa = PBXFileReference; lastKnownFileType = sourcecode.swift; path = NextClassBannerView.swift; sourceTree = "<group>"; };
		97F7BC3BE369489EA2563FCD /* MessageBubbleView.swift */ = {isa = PBXFileReference; lastKnownFileType = sourcecode.swift; path = MessageBubbleView.swift; sourceTree = "<group>"; };
		A667035134A1432796AB99B7 /* LLMService.swift */ = {isa = PBXFileReference; lastKnownFileType = sourcecode.swift; path = LLMService.swift; sourceTree = "<group>"; };
		AF31D93F8A8B4DBC85B32BF9 /* MenuBarCompanionView.swift */ = {isa = PBXFileReference; lastKnownFileType = sourcecode.swift; path = MenuBarCompanionView.swift; sourceTree = "<group>"; };
		BCA5D11ED32546FA9D904316 /* Assets.xcassets */ = {isa = PBXFileReference; lastKnownFileType = folder.assetcatalog; path = Assets.xcassets; sourceTree = "<group>"; };
		BCC99E1A20084A6D827AC44C /* DailyPushSettingsView.swift */ = {isa = PBXFileReference; lastKnownFileType = sourcecode.swift; path = DailyPushSettingsView.swift; sourceTree = "<group>"; };
		BD819A95D37340DABC878899 /* CompanionHeaderView.swift */ = {isa = PBXFileReference; lastKnownFileType = sourcecode.swift; path = CompanionHeaderView.swift; sourceTree = "<group>"; };
		C1A01100D0014D88A1230001 /* CalendarSyncService.swift */ = {isa = PBXFileReference; lastKnownFileType = sourcecode.swift; path = CalendarSyncService.swift; sourceTree = "<group>"; };
		C1EC5F6FC6974023A8EE504C /* CourseScheduleView.swift */ = {isa = PBXFileReference; lastKnownFileType = sourcecode.swift; path = CourseScheduleView.swift; sourceTree = "<group>"; };
		C2A01100D0014D88A1230001 /* PomodoroTimerViewModel.swift */ = {isa = PBXFileReference; lastKnownFileType = sourcecode.swift; path = PomodoroTimerViewModel.swift; sourceTree = "<group>"; };
		C2A01100D0014D88A1230002 /* PomodoroActivityAttributes.swift */ = {isa = PBXFileReference; lastKnownFileType = sourcecode.swift; path = PomodoroActivityAttributes.swift; sourceTree = "<group>"; };
		C2A01100D0014D88A1230003 /* LiveActivityManager.swift */ = {isa = PBXFileReference; lastKnownFileType = sourcecode.swift; path = LiveActivityManager.swift; sourceTree = "<group>"; };
		C2A01100D0014D88A1230004 /* Focus/PomodoroTimerView.swift */ = {isa = PBXFileReference; lastKnownFileType = sourcecode.swift; path = Focus/PomodoroTimerView.swift; sourceTree = "<group>"; };
		C2A01100D0014D88A1230005 /* QianYuDynamicIslandView.swift */ = {isa = PBXFileReference; lastKnownFileType = sourcecode.swift; path = QianYuDynamicIslandView.swift; sourceTree = "<group>"; };
		C2A01100D0014D88A1230006 /* QianYuCourseWidget.swift */ = {isa = PBXFileReference; lastKnownFileType = sourcecode.swift; path = QianYuCourseWidget.swift; sourceTree = "<group>"; };
		C3A01100D0014D88A1230001 /* WidgetPreviewSettingView.swift */ = {isa = PBXFileReference; lastKnownFileType = sourcecode.swift; path = WidgetPreviewSettingView.swift; sourceTree = "<group>"; };
		C4A01100D0014D88A1230001 /* QianYuWidgetBundle.swift */ = {isa = PBXFileReference; lastKnownFileType = sourcecode.swift; path = QianYuWidgetBundle.swift; sourceTree = "<group>"; };
		C4A01100D0014D88A1230002 /* Info.plist */ = {isa = PBXFileReference; lastKnownFileType = text.plist.xml; path = Info.plist; sourceTree = "<group>"; };
		C4A01100D0014D88A1230007 /* QianYuWidgets.appex */ = {isa = PBXFileReference; explicitFileType = "wrapper.app-extension"; includeInIndex = 0; path = QianYuWidgets.appex; sourceTree = BUILT_PRODUCTS_DIR; };
		C640C2E5FB6348BBB35E38A1 /* CourseCardView.swift */ = {isa = PBXFileReference; lastKnownFileType = sourcecode.swift; path = CourseCardView.swift; sourceTree = "<group>"; };
		C69800022F984BC39B14A87D /* ChatMessage.swift */ = {isa = PBXFileReference; lastKnownFileType = sourcecode.swift; path = ChatMessage.swift; sourceTree = "<group>"; };
		CDC6F13D95154CA9A0713B63 /* SettingsView.swift */ = {isa = PBXFileReference; lastKnownFileType = sourcecode.swift; path = SettingsView.swift; sourceTree = "<group>"; };
		D4A01100D0014D88A1230001 /* QIAN_YU.entitlements */ = {isa = PBXFileReference; lastKnownFileType = text.plist.entitlements; path = QIAN_YU.entitlements; sourceTree = "<group>"; };
		D4A01100D0014D88A1230002 /* QianYuWidgets.entitlements */ = {isa = PBXFileReference; lastKnownFileType = text.plist.entitlements; path = QianYuWidgets.entitlements; sourceTree = "<group>"; };
		D5A01100D0014D88A1230001 /* Localizable.xcstrings */ = {isa = PBXFileReference; lastKnownFileType = text.json.xcstrings; path = Localizable.xcstrings; sourceTree = "<group>"; };
		D5A01100D0014D88A1230002 /* Localizable.xcstrings */ = {isa = PBXFileReference; lastKnownFileType = text.json.xcstrings; path = Localizable.xcstrings; sourceTree = "<group>"; };
		D5A01100D0014D88A1230003 /* EditorialCopy.swift */ = {isa = PBXFileReference; lastKnownFileType = sourcecode.swift; path = EditorialCopy.swift; sourceTree = "<group>"; };
		D5A01100D0014D88A1230004 /* EditorialContent.json */ = {isa = PBXFileReference; lastKnownFileType = text.json; path = EditorialContent.json; sourceTree = "<group>"; };
		DCE9364011674E7BB4B60FE3 /* ChatViewModel.swift */ = {isa = PBXFileReference; lastKnownFileType = sourcecode.swift; path = ChatViewModel.swift; sourceTree = "<group>"; };
		E4769137462B46C6A4C89DDA /* ICSParserService.swift */ = {isa = PBXFileReference; lastKnownFileType = sourcecode.swift; path = ICSParserService.swift; sourceTree = "<group>"; };
		F2ECF536EAE444FFBC13804E /* MainView.swift */ = {isa = PBXFileReference; lastKnownFileType = sourcecode.swift; path = MainView.swift; sourceTree = "<group>"; };
		F9D8A37183A74B719C5904BC /* QianYuApp.swift */ = {isa = PBXFileReference; lastKnownFileType = sourcecode.swift; path = QianYuApp.swift; sourceTree = "<group>"; };
		FBF443555EF04EC196AA9574 /* CourseScheduleViewModel.swift */ = {isa = PBXFileReference; lastKnownFileType = sourcecode.swift; path = CourseScheduleViewModel.swift; sourceTree = "<group>"; };
		D6A01100D0014D88A1230001 /* CourseManagementView.swift */ = {isa = PBXFileReference; lastKnownFileType = sourcecode.swift; path = CourseManagementView.swift; sourceTree = "<group>"; };
		D6A110000000000000000001 /* SleepNotificationIntents.swift */ = {isa = PBXFileReference; lastKnownFileType = sourcecode.swift; path = SleepNotificationIntents.swift; sourceTree = "<group>"; };
		D6A310000000000000000000 /* DailyPushContent.swift */ = {isa = PBXFileReference; lastKnownFileType = sourcecode.swift; path = DailyPushContent.swift; sourceTree = "<group>"; };
		D6A310000000000000000001 /* DailyPushContentService.swift */ = {isa = PBXFileReference; lastKnownFileType = sourcecode.swift; path = DailyPushContentService.swift; sourceTree = "<group>"; };
		D6A310000000000000000002 /* DailyWeatherService.swift */ = {isa = PBXFileReference; lastKnownFileType = sourcecode.swift; path = DailyWeatherService.swift; sourceTree = "<group>"; };
		F6B1682E7BE34276B0C6C23B /* CourseTimeRules.swift */ = {isa = PBXFileReference; lastKnownFileType = sourcecode.swift; path = CourseTimeRules.swift; sourceTree = "<group>"; };
		2A39C322EB704277A472043D /* NotificationScheduler.swift */ = {isa = PBXFileReference; lastKnownFileType = sourcecode.swift; path = NotificationScheduler.swift; sourceTree = "<group>"; };
		BC3AE6BC706E480C96260F81 /* ICSImportModels.swift */ = {isa = PBXFileReference; lastKnownFileType = sourcecode.swift; path = ICSImportModels.swift; sourceTree = "<group>"; };
		54AC50991B7047B4B8E11368 /* ICSFileDecoder.swift */ = {isa = PBXFileReference; lastKnownFileType = sourcecode.swift; path = ICSFileDecoder.swift; sourceTree = "<group>"; };
		C4862A23F1E840C1B00BE492 /* ICSRecurrenceParser.swift */ = {isa = PBXFileReference; lastKnownFileType = sourcecode.swift; path = ICSRecurrenceParser.swift; sourceTree = "<group>"; };
		C03B99EDA4424178AD48D8F9 /* ICSSemesterDetector.swift */ = {isa = PBXFileReference; lastKnownFileType = sourcecode.swift; path = ICSSemesterDetector.swift; sourceTree = "<group>"; };
		588F1A29815A437994E21577 /* ICSCourseConverter.swift */ = {isa = PBXFileReference; lastKnownFileType = sourcecode.swift; path = ICSCourseConverter.swift; sourceTree = "<group>"; };
/* End PBXFileReference section */

/* Begin PBXFrameworksBuildPhase section */
		83B3B9DABBC945008F2783BA /* Frameworks */ = {
			isa = PBXFrameworksBuildPhase;
			buildActionMask = 2147483647;
			files = (
			);
			runOnlyForDeploymentPostprocessing = 0;
		};
		C4F01100D0014D88A1230001 /* Frameworks */ = {
			isa = PBXFrameworksBuildPhase;
			buildActionMask = 2147483647;
			files = (
			);
			runOnlyForDeploymentPostprocessing = 0;
		};
/* End PBXFrameworksBuildPhase section */

/* Begin PBXGroup section */
		112AEF505E1644678F93A289 /* Engine */ = {
			isa = PBXGroup;
			children = (
				D5A01100D0014D88A1230003 /* EditorialCopy.swift */,
				089EE8855582444898BCEE7C /* PersonaEngine.swift */,
				2AA818FC8727463DB50DED01 /* QianYuDialogueCorpus.swift */,
			);
			path = Engine;
			sourceTree = "<group>";
		};
		2977D44238E44C018B93BC9A /* Products */ = {
			isa = PBXGroup;
			children = (
				54847C9A445B4FAE8A2039F1 /* QIAN YU.app */,
				C4A01100D0014D88A1230007 /* QianYuWidgets.appex */,
			);
			name = Products;
			sourceTree = "<group>";
		};
		30127A221AF641E189D14BC3 /* Settings */ = {
			isa = PBXGroup;
			children = (
				F9A02000AA114400BBBB0002 /* BackupSettingsView.swift */,
				CDC6F13D95154CA9A0713B63 /* SettingsView.swift */,
				3B6CE63FC40B46EFABB09718 /* PersonaDocView.swift */,
				C3A01100D0014D88A1230001 /* WidgetPreviewSettingView.swift */,
			);
			path = Settings;
			sourceTree = "<group>";
		};
		4233154A3CB74495BE171980 /* Models */ = {
			isa = PBXGroup;
			children = (
				F9A02000AA114400BBBB0001 /* AppBackup.swift */,
				F9A02000AA114400BBBB0003 /* AppInstallationIdentity.swift */,
				F6B1682E7BE34276B0C6C23B /* CourseTimeRules.swift */,
				C69800022F984BC39B14A87D /* ChatMessage.swift */,
				28DAD27A7891468F9B85B703 /* CourseItem.swift */,
				10A47FCE42194EBA8432A37D /* AppSettings.swift */,
				C2A01100D0014D88A1230002 /* PomodoroActivityAttributes.swift */,
			);
			path = Models;
			sourceTree = "<group>";
		};
		4FA67A71871A4820A77C868D /* App */ = {
			isa = PBXGroup;
			children = (
				F9D8A37183A74B719C5904BC /* QianYuApp.swift */,
			);
			path = App;
			sourceTree = "<group>";
		};
		7429974BD79C4812AC139EB4 /* QIAN_YU */ = {
			isa = PBXGroup;
			children = (
				D4A01100D0014D88A1230001 /* QIAN_YU.entitlements */,
				4FA67A71871A4820A77C868D /* App */,
				4233154A3CB74495BE171980 /* Models */,
				112AEF505E1644678F93A289 /* Engine */,
				ED73DFCB3BD74047BDE42C38 /* Services */,
				A4206A11189C42E6A85E9D8E /* ViewModels */,
				EB2840C6988F4FA68D1224B3 /* Views */,
				C2A01100D0014D88A1230010 /* Widgets */,
				A67DFF1FC05446888E86B191 /* Resources */,
			);
			path = QIAN_YU;
			sourceTree = "<group>";
		};
		8F5CC6955C204FC8A364BCD2 = {
			isa = PBXGroup;
			children = (
				7429974BD79C4812AC139EB4 /* QIAN_YU */,
				2977D44238E44C018B93BC9A /* Products */,
			);
			sourceTree = "<group>";
		};
		A4206A11189C42E6A85E9D8E /* ViewModels */ = {
			isa = PBXGroup;
			children = (
				DCE9364011674E7BB4B60FE3 /* ChatViewModel.swift */,
				FBF443555EF04EC196AA9574 /* CourseScheduleViewModel.swift */,
				420FE9B7DD3C4520832FF6AA /* SettingsViewModel.swift */,
				C2A01100D0014D88A1230001 /* PomodoroTimerViewModel.swift */,
			);
			path = ViewModels;
			sourceTree = "<group>";
		};
		A67DFF1FC05446888E86B191 /* Resources */ = {
			isa = PBXGroup;
			children = (
				BCA5D11ED32546FA9D904316 /* Assets.xcassets */,
				D5A01100D0014D88A1230001 /* Localizable.xcstrings */,
				D5A01100D0014D88A1230004 /* EditorialContent.json */,
				5103F1DE65594684BC8649D6 /* Info.plist */,
			);
			path = Resources;
			sourceTree = "<group>";
		};
		C2A01100D0014D88A1230010 /* Widgets */ = {
			isa = PBXGroup;
			children = (
				D4A01100D0014D88A1230002 /* QianYuWidgets.entitlements */,
				D5A01100D0014D88A1230002 /* Localizable.xcstrings */,
				C4A01100D0014D88A1230001 /* QianYuWidgetBundle.swift */,
				C2A01100D0014D88A1230005 /* QianYuDynamicIslandView.swift */,
				C2A01100D0014D88A1230006 /* QianYuCourseWidget.swift */,
				C4A01100D0014D88A1230002 /* Info.plist */,
			);
			path = Widgets;
			sourceTree = "<group>";
		};
		D75286DE07F64E13A60B4981 /* Schedule */ = {
			isa = PBXGroup;
			children = (
				C1EC5F6FC6974023A8EE504C /* CourseScheduleView.swift */,
				D6A01100D0014D88A1230001 /* CourseManagementView.swift */,
				568C531E37E246DFA618FD7E /* AddCourseSheet.swift */,
				C640C2E5FB6348BBB35E38A1 /* CourseCardView.swift */,
				876EAA338CF44ABB8DE34B5F /* ImportCoursesPreviewSheet.swift */,
			);
			path = Schedule;
			sourceTree = "<group>";
		};
		E298EB2510AA491AAEAD1281 /* MenuBar */ = {
			isa = PBXGroup;
			children = (
				AF31D93F8A8B4DBC85B32BF9 /* MenuBarCompanionView.swift */,
			);
			path = MenuBar;
			sourceTree = "<group>";
		};
		E5216E5F0C5D43218D50243F /* Companion */ = {
			isa = PBXGroup;
			children = (
				413EE747DBB9454BA8321B5A /* ChatView.swift */,
				97F7BC3BE369489EA2563FCD /* MessageBubbleView.swift */,
				BD819A95D37340DABC878899 /* CompanionHeaderView.swift */,
				949DCFB620E44DE3923FB953 /* NextClassBannerView.swift */,
				004FCB660B9449889CB0C13F /* QuickActionChipsView.swift */,
			);
			path = Companion;
			sourceTree = "<group>";
		};
		EB2840C6988F4FA68D1224B3 /* Views */ = {
			isa = PBXGroup;
			children = (
				F2ECF536EAE444FFBC13804E /* MainView.swift */,
				E5216E5F0C5D43218D50243F /* Companion */,
				D75286DE07F64E13A60B4981 /* Schedule */,
				F42BB5490C0342529F3EEE6B /* Reminders */,
				30127A221AF641E189D14BC3 /* Settings */,
				E298EB2510AA491AAEAD1281 /* MenuBar */,
				C2A01100D0014D88A1230004 /* Focus/PomodoroTimerView.swift */,
			);
			path = Views;
			sourceTree = "<group>";
		};
		ED73DFCB3BD74047BDE42C38 /* Services */ = {
			isa = PBXGroup;
			children = (
				588F1A29815A437994E21577 /* ICSCourseConverter.swift */,
				C03B99EDA4424178AD48D8F9 /* ICSSemesterDetector.swift */,
				C4862A23F1E840C1B00BE492 /* ICSRecurrenceParser.swift */,
				54AC50991B7047B4B8E11368 /* ICSFileDecoder.swift */,
				BC3AE6BC706E480C96260F81 /* ICSImportModels.swift */,
				2A39C322EB704277A472043D /* NotificationScheduler.swift */,
				A667035134A1432796AB99B7 /* LLMService.swift */,
				11593F6DCCBF4F779A00EED9 /* NotificationManager.swift */,
				D6A310000000000000000002 /* DailyWeatherService.swift */,
				D6A310000000000000000001 /* DailyPushContentService.swift */,
				D6A310000000000000000000 /* DailyPushContent.swift */,
				D6A110000000000000000001 /* SleepNotificationIntents.swift */,
				F6A914C93D414ADCB7149FA2 /* DailyPushPlanner.swift */,
				7B1F18C209624FC2886E9AE2 /* CourseReminderService.swift */,
				E4769137462B46C6A4C89DDA /* ICSParserService.swift */,
				C1A01100D0014D88A1230001 /* CalendarSyncService.swift */,
				C2A01100D0014D88A1230003 /* LiveActivityManager.swift */,
			);
			path = Services;
			sourceTree = "<group>";
		};
		F42BB5490C0342529F3EEE6B /* Reminders */ = {
			isa = PBXGroup;
			children = (
				BCC99E1A20084A6D827AC44C /* DailyPushSettingsView.swift */,
			);
			path = Reminders;
			sourceTree = "<group>";
		};
/* End PBXGroup section */

/* Begin PBXNativeTarget section */
		1FACEE77FB4D41DEA98174FF /* QIAN YU */ = {
			isa = PBXNativeTarget;
			buildConfigurationList = A39060ABA235436995235185 /* Build configuration list for PBXNativeTarget "QIAN YU" */;
			buildPhases = (
				609727D57EE84AED86BAB78D /* Sources */,
				83B3B9DABBC945008F2783BA /* Frameworks */,
				8E40640F292749DA8108F6E7 /* Resources */,
				C4P01100D0014D88A1230001 /* Embed Foundation Extensions */,
			);
			buildRules = (
			);
			dependencies = (
				C4D01100D0014D88A1230001 /* PBXTargetDependency */,
			);
			name = "QIAN YU";
			productName = "QIAN YU";
			productReference = 54847C9A445B4FAE8A2039F1 /* QIAN YU.app */;
			productType = "com.apple.product-type.application";
		};
		C4T01100D0014D88A1230001 /* QianYuWidgets */ = {
			isa = PBXNativeTarget;
			buildConfigurationList = C4L01100D0014D88A1230001 /* Build configuration list for PBXNativeTarget "QianYuWidgets" */;
			buildPhases = (
				C4S01100D0014D88A1230001 /* Sources */,
				C4F01100D0014D88A1230001 /* Frameworks */,
				C4R01100D0014D88A1230001 /* Resources */,
			);
			buildRules = (
			);
			dependencies = (
				C4D01100D0014D88A1230001 /* PBXTargetDependency */,
			);
			name = QianYuWidgets;
			productName = QianYuWidgets;
			productReference = C4A01100D0014D88A1230007 /* QianYuWidgets.appex */;
			productType = "com.apple.product-type.app-extension";
		};
/* End PBXNativeTarget section */

/* Begin PBXProject section */
		6F9C6C2A2BC64B4BAABA3E82 /* Project object */ = {
			isa = PBXProject;
			attributes = {
				BuildIndependentTargetsInParallel = 1;
				LastSwiftUpdateCheck = 1500;
				LastUpgradeCheck = 1500;
				TargetAttributes = {
					1FACEE77FB4D41DEA98174FF = {
						CreatedOnToolsVersion = 15.0;
					};
					C4T01100D0014D88A1230001 = {
						CreatedOnToolsVersion = 15.0;
					};
				};
			};
			buildConfigurationList = 037CE96B3ACD4C0CBF9AB349 /* Build configuration list for PBXProject "QIAN YU" */;
			compatibilityVersion = "Xcode 14.0";
			developmentRegion = en;
			hasScannedForEncodings = 0;
			knownRegions = (
				en,
				"zh-Hans",
				Base,
			);
			mainGroup = 8F5CC6955C204FC8A364BCD2;
			productRefGroup = 2977D44238E44C018B93BC9A /* Products */;
			projectDirPath = "";
			projectRoot = "";
			targets = (
				1FACEE77FB4D41DEA98174FF /* QIAN YU */,
				C4T01100D0014D88A1230001 /* QianYuWidgets */,
			);
		};
/* End PBXProject section */

/* Begin PBXResourcesBuildPhase section */
		8E40640F292749DA8108F6E7 /* Resources */ = {
			isa = PBXResourcesBuildPhase;
			buildActionMask = 2147483647;
			files = (
				3F28AC8AF00B452DA5462CD0 /* Assets.xcassets in Resources */,
				D5B01100D0014D88A1230001 /* Localizable.xcstrings in Resources */,
				D5B01100D0014D88A1230004 /* EditorialContent.json in Resources */,
			);
			runOnlyForDeploymentPostprocessing = 0;
		};
		C4R01100D0014D88A1230001 /* Resources */ = {
			isa = PBXResourcesBuildPhase;
			buildActionMask = 2147483647;
			files = (
				C4B01100D0014D88A1230006 /* Assets.xcassets in Resources */,
				D5B01100D0014D88A1230002 /* Localizable.xcstrings in Resources */,
			);
			runOnlyForDeploymentPostprocessing = 0;
		};
/* End PBXResourcesBuildPhase section */

/* Begin PBXSourcesBuildPhase section */
		609727D57EE84AED86BAB78D /* Sources */ = {
			isa = PBXSourcesBuildPhase;
			buildActionMask = 2147483647;
			files = (
				A79539E3F0E04F2489D41220 /* ICSCourseConverter.swift in Sources */,
				8C3E78C57460455C92A757A1 /* ICSSemesterDetector.swift in Sources */,
				F84A154D2F9740E6BCE10975 /* ICSRecurrenceParser.swift in Sources */,
				A9D2634502F94C06BBE3CDB7 /* ICSFileDecoder.swift in Sources */,
				BE5780E3CC444B93880EA140 /* ICSImportModels.swift in Sources */,
				0557A7A675B0441C97B149B5 /* NotificationScheduler.swift in Sources */,
				8AF7171491EB4FFF92D83ECA /* CourseTimeRules.swift in Sources */,
				47E9582401674B2B947A7967 /* QianYuApp.swift in Sources */,
				800D9F52529544369409160C /* ChatMessage.swift in Sources */,
				335B1A15091D4A3EA0999B0E /* CourseItem.swift in Sources */,
				8194FB8B66224AD19D9A2F8B /* AppSettings.swift in Sources */,
				1F79DD0317764F6781EE655D /* PersonaEngine.swift in Sources */,
				D5B01100D0014D88A1230003 /* EditorialCopy.swift in Sources */,
				82019A74B7F246C79159FB1E /* QianYuDialogueCorpus.swift in Sources */,
				EE01C925131D4530847E7CFA /* LLMService.swift in Sources */,
				6DEDB85E5F924662A6B45892 /* NotificationManager.swift in Sources */,
				D6A320000000000000000002 /* DailyWeatherService.swift in Sources */,
				D6A320000000000000000001 /* DailyPushContentService.swift in Sources */,
				D6A320000000000000000000 /* DailyPushContent.swift in Sources */,
				D6A120000000000000000001 /* SleepNotificationIntents.swift in Sources */,
				F6A914C93D414ADCB7149FA1 /* DailyPushPlanner.swift in Sources */,
				918CFD7272C24C8E9296C81F /* CourseReminderService.swift in Sources */,
				00CA77B950EB4388B0F860BA /* ChatViewModel.swift in Sources */,
				F9B02000AA114400BBBB0002 /* BackupSettingsView.swift in Sources */,
				F9B02000AA114400BBBB0001 /* AppBackup.swift in Sources */,
				F9B02000AA114400BBBB0003 /* AppInstallationIdentity.swift in Sources */,
				06074522E9904523BA64DCD5 /* CourseScheduleViewModel.swift in Sources */,
				41FBE959F808408D94D1E849 /* SettingsViewModel.swift in Sources */,
				2D7BCB28A64B49418E0B8B73 /* MainView.swift in Sources */,
				9B3EEA9852CB4F2D92AAD469 /* ChatView.swift in Sources */,
				A6A36A4D9AE14BE4B2E507EA /* MessageBubbleView.swift in Sources */,
				C9D1AE87264047728ECCBA0B /* CompanionHeaderView.swift in Sources */,
				54D6E261E1C0403991890A0D /* NextClassBannerView.swift in Sources */,
				DE57B8C201AA49D2A12153BC /* QuickActionChipsView.swift in Sources */,
				C47208BAC5014A78BDD0B8B2 /* CourseScheduleView.swift in Sources */,
				D6B01100D0014D88A1230001 /* CourseManagementView.swift in Sources */,
				B8796BA22A2B490194DCC81C /* AddCourseSheet.swift in Sources */,
				4DBE29BE196D4250AC810B12 /* CourseCardView.swift in Sources */,
				ABF38EA924C64C2C9B71C7B8 /* DailyPushSettingsView.swift in Sources */,
				E869EAA2A7A3444584103183 /* SettingsView.swift in Sources */,
				E91A1DB8BA514FF0A43DBE8F /* PersonaDocView.swift in Sources */,
				FED540FDE5B44AA7ACCBCDF1 /* MenuBarCompanionView.swift in Sources */,
				B77100E245EB4C16BB10A4D0 /* ICSParserService.swift in Sources */,
				7FF12AD661F54A0E960CE65E /* ImportCoursesPreviewSheet.swift in Sources */,
				C1B01100D0014D88A1230001 /* CalendarSyncService.swift in Sources */,
				C2B01100D0014D88A1230001 /* PomodoroTimerViewModel.swift in Sources */,
				C2B01100D0014D88A1230002 /* PomodoroActivityAttributes.swift in Sources */,
				C2B01100D0014D88A1230003 /* LiveActivityManager.swift in Sources */,
				C2B01100D0014D88A1230004 /* Focus/PomodoroTimerView.swift in Sources */,
				C2B01100D0014D88A1230005 /* QianYuDynamicIslandView.swift in Sources */,
				C2B01100D0014D88A1230006 /* QianYuCourseWidget.swift in Sources */,
				C3B01100D0014D88A1230001 /* WidgetPreviewSettingView.swift in Sources */,
			);
			runOnlyForDeploymentPostprocessing = 0;
		};
		C4S01100D0014D88A1230001 /* Sources */ = {
			isa = PBXSourcesBuildPhase;
			buildActionMask = 2147483647;
			files = (
				5810A4E7A191458EBCCDDB23 /* CourseTimeRules.swift in Sources */,
				C4B01100D0014D88A1230001 /* QianYuWidgetBundle.swift in Sources */,
				F9B02000AA114400BBBB0004 /* AppInstallationIdentity.swift in Sources */,
				C4B01100D0014D88A1230002 /* QianYuCourseWidget.swift in Sources */,
				C4B01100D0014D88A1230003 /* QianYuDynamicIslandView.swift in Sources */,
				C4B01100D0014D88A1230004 /* PomodoroActivityAttributes.swift in Sources */,
			);
			runOnlyForDeploymentPostprocessing = 0;
		};
/* End PBXSourcesBuildPhase section */

/* Begin PBXTargetDependency section */
		C4D01100D0014D88A1230001 /* PBXTargetDependency */ = {
			isa = PBXTargetDependency;
			target = C4T01100D0014D88A1230001 /* QianYuWidgets */;
			targetProxy = C4C01100D0014D88A1230001 /* PBXContainerItemProxy */;
		};
/* End PBXTargetDependency section */

/* Begin XCBuildConfiguration section */
		3D93F5E610024FF39DA9F38B /* Debug */ = {
			isa = XCBuildConfiguration;
			buildSettings = {
				ASSETCATALOG_COMPILER_APPICON_NAME = AppIcon;
				ASSETCATALOG_COMPILER_GLOBAL_ACCENT_COLOR_NAME = AccentColor;
				CODE_SIGN_ENTITLEMENTS = QIAN_YU/QIAN_YU.entitlements;
				"CODE_SIGN_IDENTITY[sdk=macosx*]" = "Apple Development";
				CODE_SIGN_STYLE = Automatic;
				CURRENT_PROJECT_VERSION = 1;
				DEVELOPMENT_TEAM = 7282L7TXSV;
				ENABLE_PREVIEWS = YES;
				GENERATE_INFOPLIST_FILE = NO;
				INFOPLIST_FILE = QIAN_YU/Resources/Info.plist;
				IPHONEOS_DEPLOYMENT_TARGET = 17.0;
				MACOSX_DEPLOYMENT_TARGET = 14.0;
				MARKETING_VERSION = 1.0;
				PRODUCT_BUNDLE_IDENTIFIER = com.qianyu.companion;
				PRODUCT_NAME = "$(TARGET_NAME)";
				SDKROOT = auto;
				SUPPORTED_PLATFORMS = "iphoneos iphonesimulator macosx";
				SUPPORTS_MACCATALYST = NO;
				SUPPORTS_MAC_DESIGNED_FOR_IPHONE_IPAD = NO;
				SWIFT_EMIT_LOC_STRINGS = YES;
				SWIFT_VERSION = 5.9;
				TARGETED_DEVICE_FAMILY = "1,2";
			};
			name = Debug;
		};
		41728424F2FB478CBC9C5131 /* Release */ = {
			isa = XCBuildConfiguration;
			buildSettings = {
				ASSETCATALOG_COMPILER_APPICON_NAME = AppIcon;
				ASSETCATALOG_COMPILER_GLOBAL_ACCENT_COLOR_NAME = AccentColor;
				CODE_SIGN_ENTITLEMENTS = QIAN_YU/QIAN_YU.entitlements;
				"CODE_SIGN_IDENTITY[sdk=macosx*]" = "Apple Development";
				CODE_SIGN_STYLE = Automatic;
				CURRENT_PROJECT_VERSION = 1;
				DEVELOPMENT_TEAM = 7282L7TXSV;
				ENABLE_PREVIEWS = YES;
				GENERATE_INFOPLIST_FILE = NO;
				INFOPLIST_FILE = QIAN_YU/Resources/Info.plist;
				IPHONEOS_DEPLOYMENT_TARGET = 17.0;
				MACOSX_DEPLOYMENT_TARGET = 14.0;
				MARKETING_VERSION = 1.0;
				PRODUCT_BUNDLE_IDENTIFIER = com.qianyu.companion;
				PRODUCT_NAME = "$(TARGET_NAME)";
				SDKROOT = auto;
				SUPPORTED_PLATFORMS = "iphoneos iphonesimulator macosx";
				SUPPORTS_MACCATALYST = NO;
				SUPPORTS_MAC_DESIGNED_FOR_IPHONE_IPAD = NO;
				SWIFT_EMIT_LOC_STRINGS = YES;
				SWIFT_VERSION = 5.9;
				TARGETED_DEVICE_FAMILY = "1,2";
			};
			name = Release;
		};
		9F08F7FA2BB945AD889B7938 /* Debug */ = {
			isa = XCBuildConfiguration;
			buildSettings = {
				ALWAYS_SEARCH_USER_PATHS = NO;
				CLANG_ANALYZER_NONNULL = YES;
				CLANG_CXX_LANGUAGE_STANDARD = "gnu++20";
				CLANG_ENABLE_MODULES = YES;
				CLANG_ENABLE_OBJC_ARC = YES;
				COPY_PHASE_STRIP = NO;
				DEBUG_INFORMATION_FORMAT = dwarf;
				ENABLE_STRICT_OBJC_MSGSEND = YES;
				ENABLE_TESTABILITY = YES;
				GCC_DYNAMIC_NO_PIC = NO;
				GCC_NO_COMMON_BLOCKS = YES;
				GCC_OPTIMIZATION_LEVEL = 0;
				GCC_PREPROCESSOR_DEFINITIONS = (
					"DEBUG=1",
					"$(inherited)",
				);
				GCC_WARN_64_TO_32_BIT_CONVERSION = YES;
				GCC_WARN_ABOUT_RETURN_TYPE = YES_ERROR;
				GCC_WARN_UNDECLARED_SELECTOR = YES;
				GCC_WARN_UNINITIALIZED_AUTOS = YES_AGGRESSIVE;
				GCC_WARN_UNUSED_FUNCTION = YES;
				GCC_WARN_UNUSED_VARIABLE = YES;
				MTL_ENABLE_DEBUG_INFO = INCLUDE_SOURCE;
				MTL_FAST_MATH = YES;
				ONLY_ACTIVE_ARCH = YES;
				SWIFT_ACTIVE_COMPILATION_CONDITIONS = "DEBUG $(inherited)";
				SWIFT_OPTIMIZATION_LEVEL = "-Onone";
			};
			name = Debug;
		};
		C4C01100D0014D88A1230011 /* Debug */ = {
			isa = XCBuildConfiguration;
			buildSettings = {
				ASSETCATALOG_COMPILER_GLOBAL_ACCENT_COLOR_NAME = AccentColor;
				CODE_SIGN_ENTITLEMENTS = QIAN_YU/Widgets/QianYuWidgets.entitlements;
				CODE_SIGN_STYLE = Automatic;
				CURRENT_PROJECT_VERSION = 1;
				DEVELOPMENT_TEAM = 7282L7TXSV;
				ENABLE_PREVIEWS = YES;
				GENERATE_INFOPLIST_FILE = NO;
				INFOPLIST_FILE = QIAN_YU/Widgets/Info.plist;
				IPHONEOS_DEPLOYMENT_TARGET = 17.0;
				MACOSX_DEPLOYMENT_TARGET = 14.0;
				MARKETING_VERSION = 1.0;
				PRODUCT_BUNDLE_IDENTIFIER = com.qianyu.companion.widgets;
				PRODUCT_NAME = "$(TARGET_NAME)";
				SDKROOT = auto;
				SKIP_INSTALL = YES;
				SUPPORTED_PLATFORMS = "iphoneos iphonesimulator macosx";
				SWIFT_EMIT_LOC_STRINGS = YES;
				SWIFT_VERSION = 5.9;
				TARGETED_DEVICE_FAMILY = "1,2";
			};
			name = Debug;
		};
		C4C01100D0014D88A1230012 /* Release */ = {
			isa = XCBuildConfiguration;
			buildSettings = {
				ASSETCATALOG_COMPILER_GLOBAL_ACCENT_COLOR_NAME = AccentColor;
				CODE_SIGN_ENTITLEMENTS = QIAN_YU/Widgets/QianYuWidgets.entitlements;
				CODE_SIGN_STYLE = Automatic;
				CURRENT_PROJECT_VERSION = 1;
				DEVELOPMENT_TEAM = 7282L7TXSV;
				ENABLE_PREVIEWS = YES;
				GENERATE_INFOPLIST_FILE = NO;
				INFOPLIST_FILE = QIAN_YU/Widgets/Info.plist;
				IPHONEOS_DEPLOYMENT_TARGET = 17.0;
				MACOSX_DEPLOYMENT_TARGET = 14.0;
				MARKETING_VERSION = 1.0;
				PRODUCT_BUNDLE_IDENTIFIER = com.qianyu.companion.widgets;
				PRODUCT_NAME = "$(TARGET_NAME)";
				SDKROOT = auto;
				SKIP_INSTALL = YES;
				SUPPORTED_PLATFORMS = "iphoneos iphonesimulator macosx";
				SWIFT_EMIT_LOC_STRINGS = YES;
				SWIFT_VERSION = 5.9;
				TARGETED_DEVICE_FAMILY = "1,2";
			};
			name = Release;
		};
		C8FE3018746243DDA46B4558 /* Release */ = {
			isa = XCBuildConfiguration;
			buildSettings = {
				ALWAYS_SEARCH_USER_PATHS = NO;
				CLANG_ANALYZER_NONNULL = YES;
				CLANG_CXX_LANGUAGE_STANDARD = "gnu++20";
				CLANG_ENABLE_MODULES = YES;
				CLANG_ENABLE_OBJC_ARC = YES;
				COPY_PHASE_STRIP = NO;
				DEBUG_INFORMATION_FORMAT = "dwarf-with-dsym";
				ENABLE_NS_ASSERTIONS = NO;
				ENABLE_STRICT_OBJC_MSGSEND = YES;
				GCC_NO_COMMON_BLOCKS = YES;
				GCC_WARN_64_TO_32_BIT_CONVERSION = YES;
				GCC_WARN_ABOUT_RETURN_TYPE = YES_ERROR;
				GCC_WARN_UNDECLARED_SELECTOR = YES;
				GCC_WARN_UNINITIALIZED_AUTOS = YES_AGGRESSIVE;
				GCC_WARN_UNUSED_FUNCTION = YES;
				GCC_WARN_UNUSED_VARIABLE = YES;
				MTL_ENABLE_DEBUG_INFO = NO;
				MTL_FAST_MATH = YES;
				SWIFT_COMPILATION_MODE = wholemodule;
			};
			name = Release;
		};
/* End XCBuildConfiguration section */

/* Begin XCConfigurationList section */
		037CE96B3ACD4C0CBF9AB349 /* Build configuration list for PBXProject "QIAN YU" */ = {
			isa = XCConfigurationList;
			buildConfigurations = (
				9F08F7FA2BB945AD889B7938 /* Debug */,
				C8FE3018746243DDA46B4558 /* Release */,
			);
			defaultConfigurationIsVisible = 0;
			defaultConfigurationName = Release;
		};
		A39060ABA235436995235185 /* Build configuration list for PBXNativeTarget "QIAN YU" */ = {
			isa = XCConfigurationList;
			buildConfigurations = (
				3D93F5E610024FF39DA9F38B /* Debug */,
				41728424F2FB478CBC9C5131 /* Release */,
			);
			defaultConfigurationIsVisible = 0;
			defaultConfigurationName = Release;
		};
		C4L01100D0014D88A1230001 /* Build configuration list for PBXNativeTarget "QianYuWidgets" */ = {
			isa = XCConfigurationList;
			buildConfigurations = (
				C4C01100D0014D88A1230011 /* Debug */,
				C4C01100D0014D88A1230012 /* Release */,
			);
			defaultConfigurationIsVisible = 0;
			defaultConfigurationName = Release;
		};
/* End XCConfigurationList section */
	};
	rootObject = 6F9C6C2A2BC64B4BAABA3E82 /* Project object */;
}
